
Microsoft Visual Studio Solution File, Format Version 12.00
# Visual Studio 2015
Project("{FAE04EC0-301F-11D3-BF4B-00C04F79EFBC}") = "GuttulaTCP4.Plugins", "GuttulaTCP4.Plugins.csproj", "{FBDB71FB-E052-5425-3272-506E45C7E76F}"
EndProject
Project("{FAE04EC0-301F-11D3-BF4B-00C04F79EFBC}") = "GuttulaTCP4", "GuttulaTCP4.csproj", "{9BAED7B7-017F-95CF-6F43-3AFE8986F96C}"
EndProject
Project("{FAE04EC0-301F-11D3-BF4B-00C04F79EFBC}") = "GuttulaTCP4.Editor.Plugins", "GuttulaTCP4.Editor.Plugins.csproj", "{9B580079-C1FF-0C99-B184-CB3570F2A218}"
EndProject
Project("{FAE04EC0-301F-11D3-BF4B-00C04F79EFBC}") = "GuttulaTCP4.Editor", "GuttulaTCP4.Editor.csproj", "{F38FA8A7-2009-D0FF-7B69-86BB73A6F6D1}"
EndProject
Global
	GlobalSection(SolutionConfigurationPlatforms) = preSolution
		Debug|Any CPU = Debug|Any CPU
		Release|Any CPU = Release|Any CPU
	EndGlobalSection
	GlobalSection(ProjectConfigurationPlatforms) = postSolution
		{FBDB71FB-E052-5425-3272-506E45C7E76F}.Debug|Any CPU.ActiveCfg = Debug|Any CPU
		{FBDB71FB-E052-5425-3272-506E45C7E76F}.Debug|Any CPU.Build.0 = Debug|Any CPU
		{FBDB71FB-E052-5425-3272-506E45C7E76F}.Release|Any CPU.ActiveCfg = Release|Any CPU
		{FBDB71FB-E052-5425-3272-506E45C7E76F}.Release|Any CPU.Build.0 = Release|Any CPU
		{9BAED7B7-017F-95CF-6F43-3AFE8986F96C}.Debug|Any CPU.ActiveCfg = Debug|Any CPU
		{9BAED7B7-017F-95CF-6F43-3AFE8986F96C}.Debug|Any CPU.Build.0 = Debug|Any CPU
		{9BAED7B7-017F-95CF-6F43-3AFE8986F96C}.Release|Any CPU.ActiveCfg = Release|Any CPU
		{9BAED7B7-017F-95CF-6F43-3AFE8986F96C}.Release|Any CPU.Build.0 = Release|Any CPU
		{9B580079-C1FF-0C99-B184-CB3570F2A218}.Debug|Any CPU.ActiveCfg = Debug|Any CPU
		{9B580079-C1FF-0C99-B184-CB3570F2A218}.Debug|Any CPU.Build.0 = Debug|Any CPU
		{9B580079-C1FF-0C99-B184-CB3570F2A218}.Release|Any CPU.ActiveCfg = Release|Any CPU
		{9B580079-C1FF-0C99-B184-CB3570F2A218}.Release|Any CPU.Build.0 = Release|Any CPU
		{F38FA8A7-2009-D0FF-7B69-86BB73A6F6D1}.Debug|Any CPU.ActiveCfg = Debug|Any CPU
		{F38FA8A7-2009-D0FF-7B69-86BB73A6F6D1}.Debug|Any CPU.Build.0 = Debug|Any CPU
		{F38FA8A7-2009-D0FF-7B69-86BB73A6F6D1}.Release|Any CPU.ActiveCfg = Release|Any CPU
		{F38FA8A7-2009-D0FF-7B69-86BB73A6F6D1}.Release|Any CPU.Build.0 = Release|Any CPU
	EndGlobalSection
	GlobalSection(SolutionProperties) = preSolution
		HideSolutionNode = FALSE
	EndGlobalSection
EndGlobal
